
Microsoft Visual Studio Solution File, Format Version 12.00
# Visual Studio Version 16
VisualStudioVersion = 16.0.29609.76
MinimumVisualStudioVersion = 10.0.40219.1
Project("{FAE04EC0-301F-11D3-BF4B-00C04F79EFBC}") = "NWD", "NWD\NWD.csproj", "{F2B531A7-635A-47FE-B8B1-1E307716113E}"
EndProject
Global
	GlobalSection(SolutionConfigurationPlatforms) = preSolution
		Debug|Any CPU = Debug|Any CPU
		Release|Any CPU = Release|Any CPU
	EndGlobalSection
	GlobalSection(ProjectConfigurationPlatforms) = postSolution
		{F2B531A7-635A-47FE-B8B1-1E307716113E}.Debug|Any CPU.ActiveCfg = Debug|Any CPU
		{F2B531A7-635A-47FE-B8B1-1E307716113E}.Debug|Any CPU.Build.0 = Debug|Any CPU
		{F2B531A7-635A-47FE-B8B1-1E307716113E}.Release|Any CPU.ActiveCfg = Release|Any CPU
		{F2B531A7-635A-47FE-B8B1-1E307716113E}.Release|Any CPU.Build.0 = Release|Any CPU
	EndGlobalSection
	GlobalSection(SolutionProperties) = preSolution
		HideSolutionNode = FALSE
	EndGlobalSection
	GlobalSection(ExtensibilityGlobals) = postSolution
		SolutionGuid = {F3B4B97B-947C-4BED-8549-9697448C2AB2}
	EndGlobalSection
EndGlobal
